// !$*UTF8*$!
{
	archiveVersion = 1;
	classes = {
	};
	objectVersion = 70;
	objects = {

/* Begin PBXBuildFile section */
		4E113DC12C995A3D0030CF7C /* LogOutv1.swift in Sources */ = {isa = PBXBuildFile; fileRef = 4E113DC02C995A3D0030CF7C /* LogOutv1.swift */; };
		4E113DC32C995F660030CF7C /* LogOutv2.swift in Sources */ = {isa = PBXBuildFile; fileRef = 4E113DC22C995F660030CF7C /* LogOutv2.swift */; };
		4E3AB8D32C99A524001F6167 /* LogOutv3.swift in Sources */ = {isa = PBXBuildFile; fileRef = 4E3AB8D22C99A524001F6167 /* LogOutv3.swift */; };
		4E3AB8D52C99A6A1001F6167 /* LogOutv1.1.swift in Sources */ = {isa = PBXBuildFile; fileRef = 4E3AB8D42C99A6A1001F6167 /* LogOutv1.1.swift */; };
		4E3AB8D72C99AC01001F6167 /* LogOutv3.1.swift in Sources */ = {isa = PBXBuildFile; fileRef = 4E3AB8D62C99AC01001F6167 /* LogOutv3.1.swift */; };
		4E5443992D06FDC0009B3BAB /* GettingStarted.swift in Sources */ = {isa = PBXBuildFile; fileRef = 4E5443982D06FDBB009B3BAB /* GettingStarted.swift */; };
		4E6144652D9410F40071B66A /* SafariViewFindService.swift in Sources */ = {isa = PBXBuildFile; fileRef = 4E6144642D9410E50071B66A /* SafariViewFindService.swift */; };
		4E6144672D9411490071B66A /* FindServiceSafarView.swift in Sources */ = {isa = PBXBuildFile; fileRef = 4E6144662D94113C0071B66A /* FindServiceSafarView.swift */; };
		4E682B6C2D4F5CF100C9D3D7 /* SafariView.swift in Sources */ = {isa = PBXBuildFile; fileRef = 4E682B6B2D4F5CEC00C9D3D7 /* SafariView.swift */; };
		4E682B6E2D4F5E2D00C9D3D7 /* UrgentCareSafariView.swift in Sources */ = {isa = PBXBuildFile; fileRef = 4E682B6D2D4F5E2100C9D3D7 /* UrgentCareSafariView.swift */; };
		4E6B41562BCFC0820095808E /* ProfileCardViewB.swift in Sources */ = {isa = PBXBuildFile; fileRef = 4E6B41552BCFC0820095808E /* ProfileCardViewB.swift */; };
		4E7E4DEF2B9F46470042625E /* ProfileCardView.swift in Sources */ = {isa = PBXBuildFile; fileRef = 4E7E4DEE2B9F46470042625E /* ProfileCardView.swift */; };
		4E7E4DF22B9F4ED10042625E /* MessageDetailView.swift in Sources */ = {isa = PBXBuildFile; fileRef = 4E7E4DF12B9F4ED10042625E /* MessageDetailView.swift */; };
		4E7E4DF52B9F4FA90042625E /* MessageListView.swift in Sources */ = {isa = PBXBuildFile; fileRef = 4E7E4DF42B9F4FA90042625E /* MessageListView.swift */; };
		4E9E2A6B2CEA7E2700ED00A9 /* LaunchScreen.storyboard in Resources */ = {isa = PBXBuildFile; fileRef = 4E9E2A6A2CEA7E2700ED00A9 /* LaunchScreen.storyboard */; };
		4EAB1FA42CF2116F00DF2F9F /* FeatureTip.swift in Sources */ = {isa = PBXBuildFile; fileRef = 4EAB1FA32CF2116700DF2F9F /* FeatureTip.swift */; };
		4EACA8722D462F90002309B4 /* BarcodeContent.swift in Sources */ = {isa = PBXBuildFile; fileRef = 4EACA8712D462F81002309B4 /* BarcodeContent.swift */; };
		4EACA8742D46306E002309B4 /* PrescriptionBarcode2.swift in Sources */ = {isa = PBXBuildFile; fileRef = 4EACA8732D463066002309B4 /* PrescriptionBarcode2.swift */; };
		4EACA8762D463797002309B4 /* FloatingActionButton.swift in Sources */ = {isa = PBXBuildFile; fileRef = 4EACA8752D463791002309B4 /* FloatingActionButton.swift */; };
		4EACA8782D463EDE002309B4 /* PrescriptionTip.swift in Sources */ = {isa = PBXBuildFile; fileRef = 4EACA8772D463ED6002309B4 /* PrescriptionTip.swift */; };
		4EB5D2942D95883200CF3953 /* WhatsNew.swift in Sources */ = {isa = PBXBuildFile; fileRef = 4EB5D2932D95882B00CF3953 /* WhatsNew.swift */; };
		4EB5D2B02D95AC9400CF3953 /* SampleAnimation.swift in Sources */ = {isa = PBXBuildFile; fileRef = 4EB5D2AF2D95AC8B00CF3953 /* SampleAnimation.swift */; };
		4EB7AA912D96B2CF0022A636 /* WhatExistTips.swift in Sources */ = {isa = PBXBuildFile; fileRef = 4EB7AA902D96B29B0022A636 /* WhatExistTips.swift */; };
		4EB7AA932D96C4620022A636 /* AccountTip.swift in Sources */ = {isa = PBXBuildFile; fileRef = 4EB7AA922D96C45B0022A636 /* AccountTip.swift */; };
		4EC54BCC2B96FF05003EA856 /* DemoNHSAppApp.swift in Sources */ = {isa = PBXBuildFile; fileRef = 4EC54BCB2B96FF05003EA856 /* DemoNHSAppApp.swift */; };
		4EC54BCE2B96FF05003EA856 /* ContentView.swift in Sources */ = {isa = PBXBuildFile; fileRef = 4EC54BCD2B96FF05003EA856 /* ContentView.swift */; };
		4EC54BD02B96FF08003EA856 /* Assets.xcassets in Resources */ = {isa = PBXBuildFile; fileRef = 4EC54BCF2B96FF08003EA856 /* Assets.xcassets */; };
		4EC54BD32B96FF08003EA856 /* Preview Assets.xcassets in Resources */ = {isa = PBXBuildFile; fileRef = 4EC54BD22B96FF08003EA856 /* Preview Assets.xcassets */; };
		4EC54BDE2B970977003EA856 /* HomeView.swift in Sources */ = {isa = PBXBuildFile; fileRef = 4EC54BDD2B970977003EA856 /* HomeView.swift */; };
		4EC54BE02B9709A0003EA856 /* ServicesView.swift in Sources */ = {isa = PBXBuildFile; fileRef = 4EC54BDF2B9709A0003EA856 /* ServicesView.swift */; };
		4EC54BE22B9709B3003EA856 /* YourHealthView.swift in Sources */ = {isa = PBXBuildFile; fileRef = 4EC54BE12B9709B3003EA856 /* YourHealthView.swift */; };
		4EC54BE42B9709BF003EA856 /* MessagesView.swift in Sources */ = {isa = PBXBuildFile; fileRef = 4EC54BE32B9709BF003EA856 /* MessagesView.swift */; };
		4EC54BE72B972B22003EA856 /* CardView.swift in Sources */ = {isa = PBXBuildFile; fileRef = 4EC54BE62B972B22003EA856 /* CardView.swift */; };
		4ECCCB1C2B9EE76000912BCA /* CampaignCardView.swift in Sources */ = {isa = PBXBuildFile; fileRef = 4ECCCB1B2B9EE76000912BCA /* CampaignCardView.swift */; };
		4ED032D12BA1B1B0000562D5 /* UrgentCareWebView.swift in Sources */ = {isa = PBXBuildFile; fileRef = 4ED032D02BA1B1B0000562D5 /* UrgentCareWebView.swift */; };
		4ED032D32BA1E0B3000562D5 /* AccessServicesPromoView.swift in Sources */ = {isa = PBXBuildFile; fileRef = 4ED032D22BA1E0B3000562D5 /* AccessServicesPromoView.swift */; };
		4ED032D62BA20D14000562D5 /* UpcomingAndPastAppointmentsView.swift in Sources */ = {isa = PBXBuildFile; fileRef = 4ED032D52BA20D14000562D5 /* UpcomingAndPastAppointmentsView.swift */; };
		4ED1B0882BA0708E0047BE43 /* AccountSettingsView.swift in Sources */ = {isa = PBXBuildFile; fileRef = 4ED1B0872BA0708E0047BE43 /* AccountSettingsView.swift */; };
		4ED1B08B2BA095BB0047BE43 /* HelpSupportView.swift in Sources */ = {isa = PBXBuildFile; fileRef = 4ED1B08A2BA095BB0047BE43 /* HelpSupportView.swift */; };
		4ED1B08D2BA0A95A0047BE43 /* ProfileButtonView.swift in Sources */ = {isa = PBXBuildFile; fileRef = 4ED1B08C2BA0A95A0047BE43 /* ProfileButtonView.swift */; };
		4ED1B08F2BA0CC300047BE43 /* UrgentCareOnlineView.swift in Sources */ = {isa = PBXBuildFile; fileRef = 4ED1B08E2BA0CC300047BE43 /* UrgentCareOnlineView.swift */; };
		4ED27D552CF0C425008FB9A1 /* Filter.swift in Sources */ = {isa = PBXBuildFile; fileRef = 4ED27D542CF0C41B008FB9A1 /* Filter.swift */; };
		4EFA6C9F2D95D2AA008FA017 /* RabbitAnimation.json in Resources */ = {isa = PBXBuildFile; fileRef = 4EFA6C9E2D95D2AA008FA017 /* RabbitAnimation.json */; };
		4EFA6CA62D95DB39008FA017 /* DotLottie in Frameworks */ = {isa = PBXBuildFile; productRef = 4EFA6CA52D95DB39008FA017 /* DotLottie */; };
		4EFA6CA82D95DB98008FA017 /* NewAccount.lottie in Resources */ = {isa = PBXBuildFile; fileRef = 4EFA6CA72D95DB98008FA017 /* NewAccount.lottie */; };
		4EFE35A22D45105D00136D5D /* FilterContent.swift in Sources */ = {isa = PBXBuildFile; fileRef = 4EFE35A12D45105800136D5D /* FilterContent.swift */; };
		4EFE35B42D4527E300136D5D /* PrescriptionBarcode.swift in Sources */ = {isa = PBXBuildFile; fileRef = 4EFE35B32D4527DA00136D5D /* PrescriptionBarcode.swift */; };
		4EFE35B82D45378200136D5D /* AddtoWalletButton.swift in Sources */ = {isa = PBXBuildFile; fileRef = 4EFE35B72D45377A00136D5D /* AddtoWalletButton.swift */; };
/* End PBXBuildFile section */

/* Begin PBXFileReference section */
		4E113DC02C995A3D0030CF7C /* LogOutv1.swift */ = {isa = PBXFileReference; lastKnownFileType = sourcecode.swift; path = LogOutv1.swift; sourceTree = "<group>"; };
		4E113DC22C995F660030CF7C /* LogOutv2.swift */ = {isa = PBXFileReference; lastKnownFileType = sourcecode.swift; path = LogOutv2.swift; sourceTree = "<group>"; };
		4E3AB8D22C99A524001F6167 /* LogOutv3.swift */ = {isa = PBXFileReference; lastKnownFileType = sourcecode.swift; path = LogOutv3.swift; sourceTree = "<group>"; };
		4E3AB8D42C99A6A1001F6167 /* LogOutv1.1.swift */ = {isa = PBXFileReference; lastKnownFileType = sourcecode.swift; path = LogOutv1.1.swift; sourceTree = "<group>"; };
		4E3AB8D62C99AC01001F6167 /* LogOutv3.1.swift */ = {isa = PBXFileReference; lastKnownFileType = sourcecode.swift; path = LogOutv3.1.swift; sourceTree = "<group>"; };
		4E5443982D06FDBB009B3BAB /* GettingStarted.swift */ = {isa = PBXFileReference; lastKnownFileType = sourcecode.swift; path = GettingStarted.swift; sourceTree = "<group>"; };
		4E6144642D9410E50071B66A /* SafariViewFindService.swift */ = {isa = PBXFileReference; lastKnownFileType = sourcecode.swift; path = SafariViewFindService.swift; sourceTree = "<group>"; };
		4E6144662D94113C0071B66A /* FindServiceSafarView.swift */ = {isa = PBXFileReference; lastKnownFileType = sourcecode.swift; path = FindServiceSafarView.swift; sourceTree = "<group>"; };
		4E662E082C2C39F000C8C559 /* BoardingPass.pkpass */ = {isa = PBXFileReference; lastKnownFileType = file; path = BoardingPass.pkpass; sourceTree = "<group>"; };
		4E682B6B2D4F5CEC00C9D3D7 /* SafariView.swift */ = {isa = PBXFileReference; lastKnownFileType = sourcecode.swift; path = SafariView.swift; sourceTree = "<group>"; };
		4E682B6D2D4F5E2100C9D3D7 /* UrgentCareSafariView.swift */ = {isa = PBXFileReference; lastKnownFileType = sourcecode.swift; path = UrgentCareSafariView.swift; sourceTree = "<group>"; };
		4E6B41552BCFC0820095808E /* ProfileCardViewB.swift */ = {isa = PBXFileReference; lastKnownFileType = sourcecode.swift; path = ProfileCardViewB.swift; sourceTree = "<group>"; };
		4E7E4DEE2B9F46470042625E /* ProfileCardView.swift */ = {isa = PBXFileReference; lastKnownFileType = sourcecode.swift; path = ProfileCardView.swift; sourceTree = "<group>"; };
		4E7E4DF12B9F4ED10042625E /* MessageDetailView.swift */ = {isa = PBXFileReference; lastKnownFileType = sourcecode.swift; path = MessageDetailView.swift; sourceTree = "<group>"; };
		4E7E4DF42B9F4FA90042625E /* MessageListView.swift */ = {isa = PBXFileReference; lastKnownFileType = sourcecode.swift; path = MessageListView.swift; sourceTree = "<group>"; };
		4E9E2A6A2CEA7E2700ED00A9 /* LaunchScreen.storyboard */ = {isa = PBXFileReference; lastKnownFileType = file.storyboard; path = LaunchScreen.storyboard; sourceTree = "<group>"; };
		4E9E2A6C2CEA839200ED00A9 /* Info.plist */ = {isa = PBXFileReference; lastKnownFileType = text.plist; path = Info.plist; sourceTree = "<group>"; };
		4EAB1FA32CF2116700DF2F9F /* FeatureTip.swift */ = {isa = PBXFileReference; lastKnownFileType = sourcecode.swift; path = FeatureTip.swift; sourceTree = "<group>"; };
		4EACA8712D462F81002309B4 /* BarcodeContent.swift */ = {isa = PBXFileReference; lastKnownFileType = sourcecode.swift; path = BarcodeContent.swift; sourceTree = "<group>"; };
		4EACA8732D463066002309B4 /* PrescriptionBarcode2.swift */ = {isa = PBXFileReference; lastKnownFileType = sourcecode.swift; path = PrescriptionBarcode2.swift; sourceTree = "<group>"; };
		4EACA8752D463791002309B4 /* FloatingActionButton.swift */ = {isa = PBXFileReference; lastKnownFileType = sourcecode.swift; path = FloatingActionButton.swift; sourceTree = "<group>"; };
		4EACA8772D463ED6002309B4 /* PrescriptionTip.swift */ = {isa = PBXFileReference; lastKnownFileType = sourcecode.swift; path = PrescriptionTip.swift; sourceTree = "<group>"; };
		4EB5D2932D95882B00CF3953 /* WhatsNew.swift */ = {isa = PBXFileReference; lastKnownFileType = sourcecode.swift; path = WhatsNew.swift; sourceTree = "<group>"; };
		4EB5D2AF2D95AC8B00CF3953 /* SampleAnimation.swift */ = {isa = PBXFileReference; lastKnownFileType = sourcecode.swift; path = SampleAnimation.swift; sourceTree = "<group>"; };
		4EB7AA902D96B29B0022A636 /* WhatExistTips.swift */ = {isa = PBXFileReference; lastKnownFileType = sourcecode.swift; path = WhatExistTips.swift; sourceTree = "<group>"; };
		4EB7AA922D96C45B0022A636 /* AccountTip.swift */ = {isa = PBXFileReference; lastKnownFileType = sourcecode.swift; path = AccountTip.swift; sourceTree = "<group>"; };
		4EC54BC82B96FF05003EA856 /* DemoNHSApp.app */ = {isa = PBXFileReference; explicitFileType = wrapper.application; includeInIndex = 0; path = DemoNHSApp.app; sourceTree = BUILT_PRODUCTS_DIR; };
		4EC54BCB2B96FF05003EA856 /* DemoNHSAppApp.swift */ = {isa = PBXFileReference; lastKnownFileType = sourcecode.swift; path = DemoNHSAppApp.swift; sourceTree = "<group>"; };
		4EC54BCD2B96FF05003EA856 /* ContentView.swift */ = {isa = PBXFileReference; lastKnownFileType = sourcecode.swift; path = ContentView.swift; sourceTree = "<group>"; };
		4EC54BCF2B96FF08003EA856 /* Assets.xcassets */ = {isa = PBXFileReference; lastKnownFileType = folder.assetcatalog; path = Assets.xcassets; sourceTree = "<group>"; };
		4EC54BD22B96FF08003EA856 /* Preview Assets.xcassets */ = {isa = PBXFileReference; lastKnownFileType = folder.assetcatalog; path = "Preview Assets.xcassets"; sourceTree = "<group>"; };
		4EC54BDD2B970977003EA856 /* HomeView.swift */ = {isa = PBXFileReference; lastKnownFileType = sourcecode.swift; path = HomeView.swift; sourceTree = "<group>"; };
		4EC54BDF2B9709A0003EA856 /* ServicesView.swift */ = {isa = PBXFileReference; lastKnownFileType = sourcecode.swift; path = ServicesView.swift; sourceTree = "<group>"; };
		4EC54BE12B9709B3003EA856 /* YourHealthView.swift */ = {isa = PBXFileReference; lastKnownFileType = sourcecode.swift; path = YourHealthView.swift; sourceTree = "<group>"; };
		4EC54BE32B9709BF003EA856 /* MessagesView.swift */ = {isa = PBXFileReference; lastKnownFileType = sourcecode.swift; path = MessagesView.swift; sourceTree = "<group>"; };
		4EC54BE62B972B22003EA856 /* CardView.swift */ = {isa = PBXFileReference; lastKnownFileType = sourcecode.swift; path = CardView.swift; sourceTree = "<group>"; };
		4ECCCB1B2B9EE76000912BCA /* CampaignCardView.swift */ = {isa = PBXFileReference; lastKnownFileType = sourcecode.swift; path = CampaignCardView.swift; sourceTree = "<group>"; };
		4ED032D02BA1B1B0000562D5 /* UrgentCareWebView.swift */ = {isa = PBXFileReference; lastKnownFileType = sourcecode.swift; path = UrgentCareWebView.swift; sourceTree = "<group>"; };
		4ED032D22BA1E0B3000562D5 /* AccessServicesPromoView.swift */ = {isa = PBXFileReference; lastKnownFileType = sourcecode.swift; path = AccessServicesPromoView.swift; sourceTree = "<group>"; };
		4ED032D52BA20D14000562D5 /* UpcomingAndPastAppointmentsView.swift */ = {isa = PBXFileReference; lastKnownFileType = sourcecode.swift; path = UpcomingAndPastAppointmentsView.swift; sourceTree = "<group>"; };
		4ED1B0872BA0708E0047BE43 /* AccountSettingsView.swift */ = {isa = PBXFileReference; lastKnownFileType = sourcecode.swift; path = AccountSettingsView.swift; sourceTree = "<group>"; };
		4ED1B08A2BA095BB0047BE43 /* HelpSupportView.swift */ = {isa = PBXFileReference; lastKnownFileType = sourcecode.swift; path = HelpSupportView.swift; sourceTree = "<group>"; };
		4ED1B08C2BA0A95A0047BE43 /* ProfileButtonView.swift */ = {isa = PBXFileReference; lastKnownFileType = sourcecode.swift; path = ProfileButtonView.swift; sourceTree = "<group>"; };
		4ED1B08E2BA0CC300047BE43 /* UrgentCareOnlineView.swift */ = {isa = PBXFileReference; lastKnownFileType = sourcecode.swift; path = UrgentCareOnlineView.swift; sourceTree = "<group>"; };
		4ED27D542CF0C41B008FB9A1 /* Filter.swift */ = {isa = PBXFileReference; lastKnownFileType = sourcecode.swift; path = Filter.swift; sourceTree = "<group>"; };
		4EFA6C9E2D95D2AA008FA017 /* RabbitAnimation.json */ = {isa = PBXFileReference; lastKnownFileType = text.json; path = RabbitAnimation.json; sourceTree = "<group>"; };
		4EFA6CA72D95DB98008FA017 /* NewAccount.lottie */ = {isa = PBXFileReference; lastKnownFileType = file; path = NewAccount.lottie; sourceTree = "<group>"; };
		4EFE35A12D45105800136D5D /* FilterContent.swift */ = {isa = PBXFileReference; lastKnownFileType = sourcecode.swift; path = FilterContent.swift; sourceTree = "<group>"; };
		4EFE35B32D4527DA00136D5D /* PrescriptionBarcode.swift */ = {isa = PBXFileReference; lastKnownFileType = sourcecode.swift; path = PrescriptionBarcode.swift; sourceTree = "<group>"; };
		4EFE35B72D45377A00136D5D /* AddtoWalletButton.swift */ = {isa = PBXFileReference; lastKnownFileType = sourcecode.swift; path = AddtoWalletButton.swift; sourceTree = "<group>"; };
/* End PBXFileReference section */

/* Begin PBXFileSystemSynchronizedRootGroup section */
		4EFE35992D44FDF600136D5D /* Prescriptions */ = {isa = PBXFileSystemSynchronizedRootGroup; explicitFileTypes = {}; explicitFolders = (); path = Prescriptions; sourceTree = "<group>"; };
		4EFE359D2D450CED00136D5D /* Referrals */ = {isa = PBXFileSystemSynchronizedRootGroup; explicitFileTypes = {}; explicitFolders = (); path = Referrals; sourceTree = "<group>"; };
		4EFE35A42D45128800136D5D /* ViewandManagePrescriptions */ = {isa = PBXFileSystemSynchronizedRootGroup; explicitFileTypes = {}; explicitFolders = (); path = ViewandManagePrescriptions; sourceTree = "<group>"; };
/* End PBXFileSystemSynchronizedRootGroup section */

/* Begin PBXFrameworksBuildPhase section */
		4EC54BC52B96FF05003EA856 /* Frameworks */ = {
			isa = PBXFrameworksBuildPhase;
			buildActionMask = 2147483647;
			files = (
				4EFA6CA62D95DB39008FA017 /* DotLottie in Frameworks */,
			);
			runOnlyForDeploymentPostprocessing = 0;
		};
/* End PBXFrameworksBuildPhase section */

/* Begin PBXGroup section */
		4E113DBF2C9957C50030CF7C /* Logout */ = {
			isa = PBXGroup;
			children = (
				4E113DC02C995A3D0030CF7C /* LogOutv1.swift */,
				4E3AB8D42C99A6A1001F6167 /* LogOutv1.1.swift */,
				4E113DC22C995F660030CF7C /* LogOutv2.swift */,
				4E3AB8D22C99A524001F6167 /* LogOutv3.swift */,
				4E3AB8D62C99AC01001F6167 /* LogOutv3.1.swift */,
			);
			path = Logout;
			sourceTree = "<group>";
		};
		4E7E4DF02B9F4EBF0042625E /* MessageList */ = {
			isa = PBXGroup;
			children = (
				4E7E4DF42B9F4FA90042625E /* MessageListView.swift */,
				4E7E4DF32B9F4F8B0042625E /* MessageDetails */,
			);
			path = MessageList;
			sourceTree = "<group>";
		};
		4E7E4DF32B9F4F8B0042625E /* MessageDetails */ = {
			isa = PBXGroup;
			children = (
				4E7E4DF12B9F4ED10042625E /* MessageDetailView.swift */,
			);
			path = MessageDetails;
			sourceTree = "<group>";
		};
		4EC54BBF2B96FF05003EA856 = {
			isa = PBXGroup;
			children = (
				4EC54BCA2B96FF05003EA856 /* DemoNHSApp */,
				4EC54BC92B96FF05003EA856 /* Products */,
			);
			sourceTree = "<group>";
		};
		4EC54BC92B96FF05003EA856 /* Products */ = {
			isa = PBXGroup;
			children = (
				4EC54BC82B96FF05003EA856 /* DemoNHSApp.app */,
			);
			name = Products;
			sourceTree = "<group>";
		};
		4EC54BCA2B96FF05003EA856 /* DemoNHSApp */ = {
			isa = PBXGroup;
			children = (
				4E9E2A6C2CEA839200ED00A9 /* Info.plist */,
				4EC54BCB2B96FF05003EA856 /* DemoNHSAppApp.swift */,
				4E9E2A6A2CEA7E2700ED00A9 /* LaunchScreen.storyboard */,
				4EC54BCD2B96FF05003EA856 /* ContentView.swift */,
				4EC54BD92B970866003EA856 /* Home */,
				4EC54BDA2B970870003EA856 /* Services */,
				4EC54BDB2B970886003EA856 /* Your Health */,
				4EC54BDC2B970897003EA856 /* Messages */,
				4ED1B0862BA0703B0047BE43 /* Account & Settings */,
				4ED1B0892BA095760047BE43 /* Help & Support */,
				4E113DBF2C9957C50030CF7C /* Logout */,
				4EC54BE52B970A45003EA856 /* Components */,
				4EC54BCF2B96FF08003EA856 /* Assets.xcassets */,
				4EFA6CA72D95DB98008FA017 /* NewAccount.lottie */,
				4EFA6C9E2D95D2AA008FA017 /* RabbitAnimation.json */,
				4EC54BD12B96FF08003EA856 /* Preview Content */,
			);
			path = DemoNHSApp;
			sourceTree = "<group>";
		};
		4EC54BD12B96FF08003EA856 /* Preview Content */ = {
			isa = PBXGroup;
			children = (
				4E662E082C2C39F000C8C559 /* BoardingPass.pkpass */,
				4EC54BD22B96FF08003EA856 /* Preview Assets.xcassets */,
			);
			path = "Preview Content";
			sourceTree = "<group>";
		};
		4EC54BD92B970866003EA856 /* Home */ = {
			isa = PBXGroup;
			children = (
				4EC54BDD2B970977003EA856 /* HomeView.swift */,
			);
			path = Home;
			sourceTree = "<group>";
		};
		4EC54BDA2B970870003EA856 /* Services */ = {
			isa = PBXGroup;
			children = (
				4EC54BDF2B9709A0003EA856 /* ServicesView.swift */,
				4EFE35992D44FDF600136D5D /* Prescriptions */,
			);
			path = Services;
			sourceTree = "<group>";
		};
		4EC54BDB2B970886003EA856 /* Your Health */ = {
			isa = PBXGroup;
			children = (
				4EC54BE12B9709B3003EA856 /* YourHealthView.swift */,
				4EFE35A42D45128800136D5D /* ViewandManagePrescriptions */,
				4ED032D42BA20CC3000562D5 /* Upcoming & past appointments */,
			);
			path = "Your Health";
			sourceTree = "<group>";
		};
		4EC54BDC2B970897003EA856 /* Messages */ = {
			isa = PBXGroup;
			children = (
				4EC54BE32B9709BF003EA856 /* MessagesView.swift */,
				4E7E4DF02B9F4EBF0042625E /* MessageList */,
			);
			path = Messages;
			sourceTree = "<group>";
		};
		4EC54BE52B970A45003EA856 /* Components */ = {
			isa = PBXGroup;
			children = (
				4EC54BE62B972B22003EA856 /* CardView.swift */,
				4E5443982D06FDBB009B3BAB /* GettingStarted.swift */,
				4EB5D2932D95882B00CF3953 /* WhatsNew.swift */,
				4EB7AA902D96B29B0022A636 /* WhatExistTips.swift */,
				4EB5D2AF2D95AC8B00CF3953 /* SampleAnimation.swift */,
				4EFE35B32D4527DA00136D5D /* PrescriptionBarcode.swift */,
				4EACA8752D463791002309B4 /* FloatingActionButton.swift */,
				4EACA8732D463066002309B4 /* PrescriptionBarcode2.swift */,
				4EACA8712D462F81002309B4 /* BarcodeContent.swift */,
				4EFE35B72D45377A00136D5D /* AddtoWalletButton.swift */,
				4ECCCB1B2B9EE76000912BCA /* CampaignCardView.swift */,
				4EAB1FA32CF2116700DF2F9F /* FeatureTip.swift */,
				4EB7AA922D96C45B0022A636 /* AccountTip.swift */,
				4EACA8772D463ED6002309B4 /* PrescriptionTip.swift */,
				4E7E4DEE2B9F46470042625E /* ProfileCardView.swift */,
				4E6B41552BCFC0820095808E /* ProfileCardViewB.swift */,
				4ED1B08C2BA0A95A0047BE43 /* ProfileButtonView.swift */,
				4ED27D542CF0C41B008FB9A1 /* Filter.swift */,
				4EFE35A12D45105800136D5D /* FilterContent.swift */,
				4ED1B08E2BA0CC300047BE43 /* UrgentCareOnlineView.swift */,
				4ED032D02BA1B1B0000562D5 /* UrgentCareWebView.swift */,
				4E682B6D2D4F5E2100C9D3D7 /* UrgentCareSafariView.swift */,
				4E6144662D94113C0071B66A /* FindServiceSafarView.swift */,
				4E682B6B2D4F5CEC00C9D3D7 /* SafariView.swift */,
				4E6144642D9410E50071B66A /* SafariViewFindService.swift */,
				4ED032D22BA1E0B3000562D5 /* AccessServicesPromoView.swift */,
			);
			path = Components;
			sourceTree = "<group>";
		};
		4ED032D42BA20CC3000562D5 /* Upcoming & past appointments */ = {
			isa = PBXGroup;
			children = (
				4ED032D52BA20D14000562D5 /* UpcomingAndPastAppointmentsView.swift */,
				4EFE359D2D450CED00136D5D /* Referrals */,
			);
			path = "Upcoming & past appointments";
			sourceTree = "<group>";
		};
		4ED1B0862BA0703B0047BE43 /* Account & Settings */ = {
			isa = PBXGroup;
			children = (
				4ED1B0872BA0708E0047BE43 /* AccountSettingsView.swift */,
			);
			path = "Account & Settings";
			sourceTree = "<group>";
		};
		4ED1B0892BA095760047BE43 /* Help & Support */ = {
			isa = PBXGroup;
			children = (
				4ED1B08A2BA095BB0047BE43 /* HelpSupportView.swift */,
			);
			path = "Help & Support";
			sourceTree = "<group>";
		};
/* End PBXGroup section */

/* Begin PBXNativeTarget section */
		4EC54BC72B96FF05003EA856 /* DemoNHSApp */ = {
			isa = PBXNativeTarget;
			buildConfigurationList = 4EC54BD62B96FF08003EA856 /* Build configuration list for PBXNativeTarget "DemoNHSApp" */;
			buildPhases = (
				4EC54BC42B96FF05003EA856 /* Sources */,
				4EC54BC52B96FF05003EA856 /* Frameworks */,
				4EC54BC62B96FF05003EA856 /* Resources */,
			);
			buildRules = (
			);
			dependencies = (
			);
			fileSystemSynchronizedGroups = (
				4EFE35992D44FDF600136D5D /* Prescriptions */,
				4EFE359D2D450CED00136D5D /* Referrals */,
				4EFE35A42D45128800136D5D /* ViewandManagePrescriptions */,
			);
			name = DemoNHSApp;
			productName = DemoNHSApp;
			productReference = 4EC54BC82B96FF05003EA856 /* DemoNHSApp.app */;
			productType = "com.apple.product-type.application";
		};
/* End PBXNativeTarget section */

/* Begin PBXProject section */
		4EC54BC02B96FF05003EA856 /* Project object */ = {
			isa = PBXProject;
			attributes = {
				BuildIndependentTargetsInParallel = 1;
				LastSwiftUpdateCheck = 1520;
				LastUpgradeCheck = 1520;
				TargetAttributes = {
					4EC54BC72B96FF05003EA856 = {
						CreatedOnToolsVersion = 15.2;
					};
				};
			};
			buildConfigurationList = 4EC54BC32B96FF05003EA856 /* Build configuration list for PBXProject "DemoNHSApp" */;
			compatibilityVersion = "Xcode 14.0";
			developmentRegion = en;
			hasScannedForEncodings = 0;
			knownRegions = (
				en,
				Base,
			);
			mainGroup = 4EC54BBF2B96FF05003EA856;
			packageReferences = (
				4EFA6CA42D95DB39008FA017 /* XCRemoteSwiftPackageReference "dotlottie-ios" */,
			);
			productRefGroup = 4EC54BC92B96FF05003EA856 /* Products */;
			projectDirPath = "";
			projectRoot = "";
			targets = (
				4EC54BC72B96FF05003EA856 /* DemoNHSApp */,
			);
		};
/* End PBXProject section */

/* Begin PBXResourcesBuildPhase section */
		4EC54BC62B96FF05003EA856 /* Resources */ = {
			isa = PBXResourcesBuildPhase;
			buildActionMask = 2147483647;
			files = (
				4EFA6C9F2D95D2AA008FA017 /* RabbitAnimation.json in Resources */,
				4E9E2A6B2CEA7E2700ED00A9 /* LaunchScreen.storyboard in Resources */,
				4EC54BD32B96FF08003EA856 /* Preview Assets.xcassets in Resources */,
				4EFA6CA82D95DB98008FA017 /* NewAccount.lottie in Resources */,
				4EC54BD02B96FF08003EA856 /* Assets.xcassets in Resources */,
			);
			runOnlyForDeploymentPostprocessing = 0;
		};
/* End PBXResourcesBuildPhase section */

/* Begin PBXSourcesBuildPhase section */
		4EC54BC42B96FF05003EA856 /* Sources */ = {
			isa = PBXSourcesBuildPhase;
			buildActionMask = 2147483647;
			files = (
				4ED032D62BA20D14000562D5 /* UpcomingAndPastAppointmentsView.swift in Sources */,
				4ED27D552CF0C425008FB9A1 /* Filter.swift in Sources */,
				4ECCCB1C2B9EE76000912BCA /* CampaignCardView.swift in Sources */,
				4ED1B0882BA0708E0047BE43 /* AccountSettingsView.swift in Sources */,
				4EC54BE72B972B22003EA856 /* CardView.swift in Sources */,
				4E3AB8D52C99A6A1001F6167 /* LogOutv1.1.swift in Sources */,
				4E682B6E2D4F5E2D00C9D3D7 /* UrgentCareSafariView.swift in Sources */,
				4EC54BE22B9709B3003EA856 /* YourHealthView.swift in Sources */,
				4EB7AA932D96C4620022A636 /* AccountTip.swift in Sources */,
				4E3AB8D32C99A524001F6167 /* LogOutv3.swift in Sources */,
				4EB5D2B02D95AC9400CF3953 /* SampleAnimation.swift in Sources */,
				4ED1B08B2BA095BB0047BE43 /* HelpSupportView.swift in Sources */,
				4ED032D32BA1E0B3000562D5 /* AccessServicesPromoView.swift in Sources */,
				4EAB1FA42CF2116F00DF2F9F /* FeatureTip.swift in Sources */,
				4EB7AA912D96B2CF0022A636 /* WhatExistTips.swift in Sources */,
				4EACA8742D46306E002309B4 /* PrescriptionBarcode2.swift in Sources */,
				4EC54BE02B9709A0003EA856 /* ServicesView.swift in Sources */,
				4E7E4DEF2B9F46470042625E /* ProfileCardView.swift in Sources */,
				4E113DC32C995F660030CF7C /* LogOutv2.swift in Sources */,
				4EC54BE42B9709BF003EA856 /* MessagesView.swift in Sources */,
				4E3AB8D72C99AC01001F6167 /* LogOutv3.1.swift in Sources */,
				4EACA8722D462F90002309B4 /* BarcodeContent.swift in Sources */,
				4E682B6C2D4F5CF100C9D3D7 /* SafariView.swift in Sources */,
				4ED1B08D2BA0A95A0047BE43 /* ProfileButtonView.swift in Sources */,
				4E113DC12C995A3D0030CF7C /* LogOutv1.swift in Sources */,
				4EC54BDE2B970977003EA856 /* HomeView.swift in Sources */,
				4EFE35B82D45378200136D5D /* AddtoWalletButton.swift in Sources */,
				4EFE35A22D45105D00136D5D /* FilterContent.swift in Sources */,
				4E6B41562BCFC0820095808E /* ProfileCardViewB.swift in Sources */,
				4E7E4DF52B9F4FA90042625E /* MessageListView.swift in Sources */,
				4ED032D12BA1B1B0000562D5 /* UrgentCareWebView.swift in Sources */,
				4EFE35B42D4527E300136D5D /* PrescriptionBarcode.swift in Sources */,
				4EC54BCE2B96FF05003EA856 /* ContentView.swift in Sources */,
				4EACA8762D463797002309B4 /* FloatingActionButton.swift in Sources */,
				4EACA8782D463EDE002309B4 /* PrescriptionTip.swift in Sources */,
				4EC54BCC2B96FF05003EA856 /* DemoNHSAppApp.swift in Sources */,
				4E5443992D06FDC0009B3BAB /* GettingStarted.swift in Sources */,
				4EB5D2942D95883200CF3953 /* WhatsNew.swift in Sources */,
				4E6144652D9410F40071B66A /* SafariViewFindService.swift in Sources */,
				4E7E4DF22B9F4ED10042625E /* MessageDetailView.swift in Sources */,
				4ED1B08F2BA0CC300047BE43 /* UrgentCareOnlineView.swift in Sources */,
				4E6144672D9411490071B66A /* FindServiceSafarView.swift in Sources */,
			);
			runOnlyForDeploymentPostprocessing = 0;
		};
/* End PBXSourcesBuildPhase section */

/* Begin XCBuildConfiguration section */
		4EC54BD42B96FF08003EA856 /* Debug */ = {
			isa = XCBuildConfiguration;
			buildSettings = {
				ALWAYS_SEARCH_USER_PATHS = NO;
				ASSETCATALOG_COMPILER_GENERATE_SWIFT_ASSET_SYMBOL_EXTENSIONS = YES;
				CLANG_ANALYZER_NONNULL = YES;
				CLANG_ANALYZER_NUMBER_OBJECT_CONVERSION = YES_AGGRESSIVE;
				CLANG_CXX_LANGUAGE_STANDARD = "gnu++20";
				CLANG_ENABLE_MODULES = YES;
				CLANG_ENABLE_OBJC_ARC = YES;
				CLANG_ENABLE_OBJC_WEAK = YES;
				CLANG_WARN_BLOCK_CAPTURE_AUTORELEASING = YES;
				CLANG_WARN_BOOL_CONVERSION = YES;
				CLANG_WARN_COMMA = YES;
				CLANG_WARN_CONSTANT_CONVERSION = YES;
				CLANG_WARN_DEPRECATED_OBJC_IMPLEMENTATIONS = YES;
				CLANG_WARN_DIRECT_OBJC_ISA_USAGE = YES_ERROR;
				CLANG_WARN_DOCUMENTATION_COMMENTS = YES;
				CLANG_WARN_EMPTY_BODY = YES;
				CLANG_WARN_ENUM_CONVERSION = YES;
				CLANG_WARN_INFINITE_RECURSION = YES;
				CLANG_WARN_INT_CONVERSION = YES;
				CLANG_WARN_NON_LITERAL_NULL_CONVERSION = YES;
				CLANG_WARN_OBJC_IMPLICIT_RETAIN_SELF = YES;
				CLANG_WARN_OBJC_LITERAL_CONVERSION = YES;
				CLANG_WARN_OBJC_ROOT_CLASS = YES_ERROR;
				CLANG_WARN_QUOTED_INCLUDE_IN_FRAMEWORK_HEADER = YES;
				CLANG_WARN_RANGE_LOOP_ANALYSIS = YES;
				CLANG_WARN_STRICT_PROTOTYPES = YES;
				CLANG_WARN_SUSPICIOUS_MOVE = YES;
				CLANG_WARN_UNGUARDED_AVAILABILITY = YES_AGGRESSIVE;
				CLANG_WARN_UNREACHABLE_CODE = YES;
				CLANG_WARN__DUPLICATE_METHOD_MATCH = YES;
				COPY_PHASE_STRIP = NO;
				DEBUG_INFORMATION_FORMAT = dwarf;
				ENABLE_STRICT_OBJC_MSGSEND = YES;
				ENABLE_TESTABILITY = YES;
				ENABLE_USER_SCRIPT_SANDBOXING = YES;
				GCC_C_LANGUAGE_STANDARD = gnu17;
				GCC_DYNAMIC_NO_PIC = NO;
				GCC_NO_COMMON_BLOCKS = YES;
				GCC_OPTIMIZATION_LEVEL = 0;
				GCC_PREPROCESSOR_DEFINITIONS = (
					"DEBUG=1",
					"$(inherited)",
				);
				GCC_WARN_64_TO_32_BIT_CONVERSION = YES;
				GCC_WARN_ABOUT_RETURN_TYPE = YES_ERROR;
				GCC_WARN_UNDECLARED_SELECTOR = YES;
				GCC_WARN_UNINITIALIZED_AUTOS = YES_AGGRESSIVE;
				GCC_WARN_UNUSED_FUNCTION = YES;
				GCC_WARN_UNUSED_VARIABLE = YES;
				IPHONEOS_DEPLOYMENT_TARGET = 17.2;
				LOCALIZATION_PREFERS_STRING_CATALOGS = YES;
				MTL_ENABLE_DEBUG_INFO = INCLUDE_SOURCE;
				MTL_FAST_MATH = YES;
				ONLY_ACTIVE_ARCH = YES;
				PRODUCT_NAME = "NHS App prototype";
				SDKROOT = iphoneos;
				SWIFT_ACTIVE_COMPILATION_CONDITIONS = "DEBUG $(inherited)";
				SWIFT_OPTIMIZATION_LEVEL = "-Onone";
			};
			name = Debug;
		};
		4EC54BD52B96FF08003EA856 /* Release */ = {
			isa = XCBuildConfiguration;
			buildSettings = {
				ALWAYS_SEARCH_USER_PATHS = NO;
				ASSETCATALOG_COMPILER_GENERATE_SWIFT_ASSET_SYMBOL_EXTENSIONS = YES;
				CLANG_ANALYZER_NONNULL = YES;
				CLANG_ANALYZER_NUMBER_OBJECT_CONVERSION = YES_AGGRESSIVE;
				CLANG_CXX_LANGUAGE_STANDARD = "gnu++20";
				CLANG_ENABLE_MODULES = YES;
				CLANG_ENABLE_OBJC_ARC = YES;
				CLANG_ENABLE_OBJC_WEAK = YES;
				CLANG_WARN_BLOCK_CAPTURE_AUTORELEASING = YES;
				CLANG_WARN_BOOL_CONVERSION = YES;
				CLANG_WARN_COMMA = YES;
				CLANG_WARN_CONSTANT_CONVERSION = YES;
				CLANG_WARN_DEPRECATED_OBJC_IMPLEMENTATIONS = YES;
				CLANG_WARN_DIRECT_OBJC_ISA_USAGE = YES_ERROR;
				CLANG_WARN_DOCUMENTATION_COMMENTS = YES;
				CLANG_WARN_EMPTY_BODY = YES;
				CLANG_WARN_ENUM_CONVERSION = YES;
				CLANG_WARN_INFINITE_RECURSION = YES;
				CLANG_WARN_INT_CONVERSION = YES;
				CLANG_WARN_NON_LITERAL_NULL_CONVERSION = YES;
				CLANG_WARN_OBJC_IMPLICIT_RETAIN_SELF = YES;
				CLANG_WARN_OBJC_LITERAL_CONVERSION = YES;
				CLANG_WARN_OBJC_ROOT_CLASS = YES_ERROR;
				CLANG_WARN_QUOTED_INCLUDE_IN_FRAMEWORK_HEADER = YES;
				CLANG_WARN_RANGE_LOOP_ANALYSIS = YES;
				CLANG_WARN_STRICT_PROTOTYPES = YES;
				CLANG_WARN_SUSPICIOUS_MOVE = YES;
				CLANG_WARN_UNGUARDED_AVAILABILITY = YES_AGGRESSIVE;
				CLANG_WARN_UNREACHABLE_CODE = YES;
				CLANG_WARN__DUPLICATE_METHOD_MATCH = YES;
				COPY_PHASE_STRIP = NO;
				DEBUG_INFORMATION_FORMAT = "dwarf-with-dsym";
				ENABLE_NS_ASSERTIONS = NO;
				ENABLE_STRICT_OBJC_MSGSEND = YES;
				ENABLE_USER_SCRIPT_SANDBOXING = YES;
				GCC_C_LANGUAGE_STANDARD = gnu17;
				GCC_NO_COMMON_BLOCKS = YES;
				GCC_WARN_64_TO_32_BIT_CONVERSION = YES;
				GCC_WARN_ABOUT_RETURN_TYPE = YES_ERROR;
				GCC_WARN_UNDECLARED_SELECTOR = YES;
				GCC_WARN_UNINITIALIZED_AUTOS = YES_AGGRESSIVE;
				GCC_WARN_UNUSED_FUNCTION = YES;
				GCC_WARN_UNUSED_VARIABLE = YES;
				IPHONEOS_DEPLOYMENT_TARGET = 17.2;
				LOCALIZATION_PREFERS_STRING_CATALOGS = YES;
				MTL_ENABLE_DEBUG_INFO = NO;
				MTL_FAST_MATH = YES;
				PRODUCT_NAME = "NHS App prototype";
				SDKROOT = iphoneos;
				SWIFT_COMPILATION_MODE = wholemodule;
				VALIDATE_PRODUCT = YES;
			};
			name = Release;
		};
		4EC54BD72B96FF08003EA856 /* Debug */ = {
			isa = XCBuildConfiguration;
			buildSettings = {
				ASSETCATALOG_COMPILER_APPICON_NAME = AppIcon;
				ASSETCATALOG_COMPILER_GLOBAL_ACCENT_COLOR_NAME = AccentColor;
				ASSETCATALOG_COMPILER_INCLUDE_ALL_APPICON_ASSETS = YES;
				CODE_SIGN_STYLE = Automatic;
				CURRENT_PROJECT_VERSION = 2;
				DEVELOPMENT_ASSET_PATHS = "\"DemoNHSApp/Preview Content\"";
				DEVELOPMENT_TEAM = H4X544KPLA;
				ENABLE_PREVIEWS = YES;
				GENERATE_INFOPLIST_FILE = YES;
				INFOPLIST_FILE = DemoNHSApp/Info.plist;
				INFOPLIST_KEY_CFBundleDisplayName = "NHS App prototype C";
				INFOPLIST_KEY_UIApplicationSceneManifest_Generation = YES;
				INFOPLIST_KEY_UIApplicationSupportsIndirectInputEvents = YES;
				INFOPLIST_KEY_UILaunchStoryboardName = LaunchScreen.storyboard;
				INFOPLIST_KEY_UISupportedInterfaceOrientations_iPad = "UIInterfaceOrientationPortrait UIInterfaceOrientationPortraitUpsideDown UIInterfaceOrientationLandscapeLeft UIInterfaceOrientationLandscapeRight";
				INFOPLIST_KEY_UISupportedInterfaceOrientations_iPhone = "UIInterfaceOrientationPortrait UIInterfaceOrientationLandscapeLeft UIInterfaceOrientationLandscapeRight";
				LD_RUNPATH_SEARCH_PATHS = (
					"$(inherited)",
					"@executable_path/Frameworks",
				);
				MARKETING_VERSION = 2.0;
				PRODUCT_BUNDLE_IDENTIFIER = com.tosincodexcode.NHSAppPrototypeC;
				PRODUCT_NAME = "$(TARGET_NAME)";
				SDKROOT = iphoneos;
				SUPPORTED_PLATFORMS = "iphoneos iphonesimulator";
				SUPPORTS_MACCATALYST = NO;
				SUPPORTS_MAC_DESIGNED_FOR_IPHONE_IPAD = YES;
				SUPPORTS_XR_DESIGNED_FOR_IPHONE_IPAD = NO;
				SWIFT_EMIT_LOC_STRINGS = YES;
				SWIFT_VERSION = 5.0;
				TARGETED_DEVICE_FAMILY = "1,2";
			};
			name = Debug;
		};
		4EC54BD82B96FF08003EA856 /* Release */ = {
			isa = XCBuildConfiguration;
			buildSettings = {
				ASSETCATALOG_COMPILER_APPICON_NAME = AppIcon;
				ASSETCATALOG_COMPILER_GLOBAL_ACCENT_COLOR_NAME = AccentColor;
				ASSETCATALOG_COMPILER_INCLUDE_ALL_APPICON_ASSETS = YES;
				CODE_SIGN_STYLE = Automatic;
				CURRENT_PROJECT_VERSION = 2;
				DEVELOPMENT_ASSET_PATHS = "\"DemoNHSApp/Preview Content\"";
				DEVELOPMENT_TEAM = H4X544KPLA;
				ENABLE_PREVIEWS = YES;
				GENERATE_INFOPLIST_FILE = YES;
				INFOPLIST_FILE = DemoNHSApp/Info.plist;
				INFOPLIST_KEY_CFBundleDisplayName = "NHS App prototype C";
				INFOPLIST_KEY_UIApplicationSceneManifest_Generation = YES;
				INFOPLIST_KEY_UIApplicationSupportsIndirectInputEvents = YES;
				INFOPLIST_KEY_UILaunchStoryboardName = LaunchScreen.storyboard;
				INFOPLIST_KEY_UISupportedInterfaceOrientations_iPad = "UIInterfaceOrientationPortrait UIInterfaceOrientationPortraitUpsideDown UIInterfaceOrientationLandscapeLeft UIInterfaceOrientationLandscapeRight";
				INFOPLIST_KEY_UISupportedInterfaceOrientations_iPhone = "UIInterfaceOrientationPortrait UIInterfaceOrientationLandscapeLeft UIInterfaceOrientationLandscapeRight";
				LD_RUNPATH_SEARCH_PATHS = (
					"$(inherited)",
					"@executable_path/Frameworks",
				);
				MARKETING_VERSION = 2.0;
				PRODUCT_BUNDLE_IDENTIFIER = com.tosincodexcode.NHSAppPrototypeC;
				PRODUCT_NAME = "$(TARGET_NAME)";
				SDKROOT = iphoneos;
				SUPPORTED_PLATFORMS = "iphoneos iphonesimulator";
				SUPPORTS_MACCATALYST = NO;
				SUPPORTS_MAC_DESIGNED_FOR_IPHONE_IPAD = YES;
				SUPPORTS_XR_DESIGNED_FOR_IPHONE_IPAD = NO;
				SWIFT_EMIT_LOC_STRINGS = YES;
				SWIFT_VERSION = 5.0;
				TARGETED_DEVICE_FAMILY = "1,2";
			};
			name = Release;
		};
/* End XCBuildConfiguration section */

/* Begin XCConfigurationList section */
		4EC54BC32B96FF05003EA856 /* Build configuration list for PBXProject "DemoNHSApp" */ = {
			isa = XCConfigurationList;
			buildConfigurations = (
				4EC54BD42B96FF08003EA856 /* Debug */,
				4EC54BD52B96FF08003EA856 /* Release */,
			);
			defaultConfigurationIsVisible = 0;
			defaultConfigurationName = Release;
		};
		4EC54BD62B96FF08003EA856 /* Build configuration list for PBXNativeTarget "DemoNHSApp" */ = {
			isa = XCConfigurationList;
			buildConfigurations = (
				4EC54BD72B96FF08003EA856 /* Debug */,
				4EC54BD82B96FF08003EA856 /* Release */,
			);
			defaultConfigurationIsVisible = 0;
			defaultConfigurationName = Release;
		};
/* End XCConfigurationList section */

/* Begin XCRemoteSwiftPackageReference section */
		4EFA6CA42D95DB39008FA017 /* XCRemoteSwiftPackageReference "dotlottie-ios" */ = {
			isa = XCRemoteSwiftPackageReference;
			repositoryURL = "https://github.com/LottieFiles/dotlottie-ios";
			requirement = {
				branch = main;
				kind = branch;
			};
		};
/* End XCRemoteSwiftPackageReference section */

/* Begin XCSwiftPackageProductDependency section */
		4EFA6CA52D95DB39008FA017 /* DotLottie */ = {
			isa = XCSwiftPackageProductDependency;
			package = 4EFA6CA42D95DB39008FA017 /* XCRemoteSwiftPackageReference "dotlottie-ios" */;
			productName = DotLottie;
		};
/* End XCSwiftPackageProductDependency section */
	};
	rootObject = 4EC54BC02B96FF05003EA856 /* Project object */;
}
